
Microsoft Visual Studio Solution File, Format Version 12.00
# Visual Studio Version 17
VisualStudioVersion = 17.14.36915.13
MinimumVisualStudioVersion = 10.0.40219.1
Project("{FAE04EC0-301F-11D3-BF4B-00C04F79EFBC}") = "SpotifyFavoritesTool", "SpotifyFavoritesTool\SpotifyFavoritesTool.csproj", "{609A7D02-3464-4129-5339-19658C774ECD}"
EndProject
Project("{FAE04EC0-301F-11D3-BF4B-00C04F79EFBC}") = "SpotifyFavoritesTool.Core", "SpotifyFavoritesTool.Core\SpotifyFavoritesTool.Core.csproj", "{3ADA8D20-8CFC-4E81-840B-D7F27A633936}"
EndProject
Project("{FAE04EC0-301F-11D3-BF4B-00C04F79EFBC}") = "SpotifyFavoritesTool.Models", "SpotifyFavoritesTool.Models\SpotifyFavoritesTool.Models.csproj", "{B9052F8C-390C-4884-B413-7C2C42F57D73}"
EndProject
Project("{FAE04EC0-301F-11D3-BF4B-00C04F79EFBC}") = "SpotifyFavoritesTool.UI", "SpotifyFavoritesTool.UI\SpotifyFavoritesTool.UI.csproj", "{7FFB5348-8947-4CA4-8163-E5C297F1D50D}"
EndProject
Project("{FAE04EC0-301F-11D3-BF4B-00C04F79EFBC}") = "SpotifyFavoritesTool.Logging", "SpotifyFavoritesTool.Logging\SpotifyFavoritesTool.Logging.csproj", "{2869BF21-B0E7-41E9-85E7-AEC9ACC61C86}"
EndProject
Project("{FAE04EC0-301F-11D3-BF4B-00C04F79EFBC}") = "SpotifyFavoritesTool.Windows", "SpotifyFavoritesTool.Windows\SpotifyFavoritesTool.Windows.csproj", "{C1EF2591-A238-4B21-BBF5-9CB2866496CF}"
EndProject
Project("{FAE04EC0-301F-11D3-BF4B-00C04F79EFBC}") = "SpotifyFavoritesTool.Notifications", "SpotifyFavoritesTool.Notifications\SpotifyFavoritesTool.Notifications.csproj", "{10DAEB90-FAE5-4459-AAED-486D1B2B2716}"
EndProject
Project("{FAE04EC0-301F-11D3-BF4B-00C04F79EFBC}") = "SpotifyFavoritesTool.Overlay", "SpotifyFavoritesTool.Overlay\SpotifyFavoritesTool.Overlay.csproj", "{CC0636AD-F58F-48BD-A0EA-B03B5C40CE0C}"
EndProject
Project("{FAE04EC0-301F-11D3-BF4B-00C04F79EFBC}") = "SpotifyFavoritesTool.Karaoke", "SpotifyFavoritesTool.Karaoke\SpotifyFavoritesTool.Karaoke.csproj", "{081BE085-C706-41B3-9213-B449234C6056}"
EndProject
Project("{FAE04EC0-301F-11D3-BF4B-00C04F79EFBC}") = "SpotifyFavoritesTool.Translation", "SpotifyFavoritesTool.Translation\SpotifyFavoritesTool.Translation.csproj", "{80C0F0E4-E648-4E09-9AC4-BEC376A51B21}"
EndProject
Project("{FAE04EC0-301F-11D3-BF4B-00C04F79EFBC}") = "SpotifyFavoritesTool.Translation.DeepL", "SpotifyFavoritesTool.Translation.DeepL\SpotifyFavoritesTool.Translation.DeepL.csproj", "{88DBC008-121C-4ECB-BE3D-1C76CB746D56}"
EndProject
Project("{FAE04EC0-301F-11D3-BF4B-00C04F79EFBC}") = "SpotifyFavoritesTool.Translation.Libre", "SpotifyFavoritesTool.Translation.Libre\SpotifyFavoritesTool.Translation.Libre.csproj", "{0AD526D6-1AA8-4135-B966-7A848F7E6ADA}"
EndProject
Project("{FAE04EC0-301F-11D3-BF4B-00C04F79EFBC}") = "SpotifyFavoritesTool.Translation.Google", "SpotifyFavoritesTool.Translation.Google\SpotifyFavoritesTool.Translation.Google.csproj", "{DAEBF9D7-0234-4B05-A34F-88BAB41E0976}"
EndProject
Global
	GlobalSection(SolutionConfigurationPlatforms) = preSolution
		Debug|Any CPU = Debug|Any CPU
		Debug|x64 = Debug|x64
		Debug|x86 = Debug|x86
		Release|Any CPU = Release|Any CPU
		Release|x64 = Release|x64
		Release|x86 = Release|x86
	EndGlobalSection
	GlobalSection(ProjectConfigurationPlatforms) = postSolution
		{609A7D02-3464-4129-5339-19658C774ECD}.Debug|Any CPU.ActiveCfg = Debug|Any CPU
		{609A7D02-3464-4129-5339-19658C774ECD}.Debug|Any CPU.Build.0 = Debug|Any CPU
		{609A7D02-3464-4129-5339-19658C774ECD}.Debug|x64.ActiveCfg = Debug|Any CPU
		{609A7D02-3464-4129-5339-19658C774ECD}.Debug|x64.Build.0 = Debug|Any CPU
		{609A7D02-3464-4129-5339-19658C774ECD}.Debug|x86.ActiveCfg = Debug|Any CPU
		{609A7D02-3464-4129-5339-19658C774ECD}.Debug|x86.Build.0 = Debug|Any CPU
		{609A7D02-3464-4129-5339-19658C774ECD}.Release|Any CPU.ActiveCfg = Release|Any CPU
		{609A7D02-3464-4129-5339-19658C774ECD}.Release|Any CPU.Build.0 = Release|Any CPU
		{609A7D02-3464-4129-5339-19658C774ECD}.Release|x64.ActiveCfg = Release|Any CPU
		{609A7D02-3464-4129-5339-19658C774ECD}.Release|x64.Build.0 = Release|Any CPU
		{609A7D02-3464-4129-5339-19658C774ECD}.Release|x86.ActiveCfg = Release|Any CPU
		{609A7D02-3464-4129-5339-19658C774ECD}.Release|x86.Build.0 = Release|Any CPU
		{3ADA8D20-8CFC-4E81-840B-D7F27A633936}.Debug|Any CPU.ActiveCfg = Debug|Any CPU
		{3ADA8D20-8CFC-4E81-840B-D7F27A633936}.Debug|Any CPU.Build.0 = Debug|Any CPU
		{3ADA8D20-8CFC-4E81-840B-D7F27A633936}.Debug|x64.ActiveCfg = Debug|Any CPU
		{3ADA8D20-8CFC-4E81-840B-D7F27A633936}.Debug|x64.Build.0 = Debug|Any CPU
		{3ADA8D20-8CFC-4E81-840B-D7F27A633936}.Debug|x86.ActiveCfg = Debug|Any CPU
		{3ADA8D20-8CFC-4E81-840B-D7F27A633936}.Debug|x86.Build.0 = Debug|Any CPU
		{3ADA8D20-8CFC-4E81-840B-D7F27A633936}.Release|Any CPU.ActiveCfg = Release|Any CPU
		{3ADA8D20-8CFC-4E81-840B-D7F27A633936}.Release|Any CPU.Build.0 = Release|Any CPU
		{3ADA8D20-8CFC-4E81-840B-D7F27A633936}.Release|x64.ActiveCfg = Release|Any CPU
		{3ADA8D20-8CFC-4E81-840B-D7F27A633936}.Release|x64.Build.0 = Release|Any CPU
		{3ADA8D20-8CFC-4E81-840B-D7F27A633936}.Release|x86.ActiveCfg = Release|Any CPU
		{3ADA8D20-8CFC-4E81-840B-D7F27A633936}.Release|x86.Build.0 = Release|Any CPU
		{B9052F8C-390C-4884-B413-7C2C42F57D73}.Debug|Any CPU.ActiveCfg = Debug|Any CPU
		{B9052F8C-390C-4884-B413-7C2C42F57D73}.Debug|Any CPU.Build.0 = Debug|Any CPU
		{B9052F8C-390C-4884-B413-7C2C42F57D73}.Debug|x64.ActiveCfg = Debug|Any CPU
		{B9052F8C-390C-4884-B413-7C2C42F57D73}.Debug|x64.Build.0 = Debug|Any CPU
		{B9052F8C-390C-4884-B413-7C2C42F57D73}.Debug|x86.ActiveCfg = Debug|Any CPU
		{B9052F8C-390C-4884-B413-7C2C42F57D73}.Debug|x86.Build.0 = Debug|Any CPU
		{B9052F8C-390C-4884-B413-7C2C42F57D73}.Release|Any CPU.ActiveCfg = Release|Any CPU
		{B9052F8C-390C-4884-B413-7C2C42F57D73}.Release|Any CPU.Build.0 = Release|Any CPU
		{B9052F8C-390C-4884-B413-7C2C42F57D73}.Release|x64.ActiveCfg = Release|Any CPU
		{B9052F8C-390C-4884-B413-7C2C42F57D73}.Release|x64.Build.0 = Release|Any CPU
		{B9052F8C-390C-4884-B413-7C2C42F57D73}.Release|x86.ActiveCfg = Release|Any CPU
		{B9052F8C-390C-4884-B413-7C2C42F57D73}.Release|x86.Build.0 = Release|Any CPU
		{7FFB5348-8947-4CA4-8163-E5C297F1D50D}.Debug|Any CPU.ActiveCfg = Debug|Any CPU
		{7FFB5348-8947-4CA4-8163-E5C297F1D50D}.Debug|Any CPU.Build.0 = Debug|Any CPU
		{7FFB5348-8947-4CA4-8163-E5C297F1D50D}.Debug|x64.ActiveCfg = Debug|Any CPU
		{7FFB5348-8947-4CA4-8163-E5C297F1D50D}.Debug|x64.Build.0 = Debug|Any CPU
		{7FFB5348-8947-4CA4-8163-E5C297F1D50D}.Debug|x86.ActiveCfg = Debug|Any CPU
		{7FFB5348-8947-4CA4-8163-E5C297F1D50D}.Debug|x86.Build.0 = Debug|Any CPU
		{7FFB5348-8947-4CA4-8163-E5C297F1D50D}.Release|Any CPU.ActiveCfg = Release|Any CPU
		{7FFB5348-8947-4CA4-8163-E5C297F1D50D}.Release|Any CPU.Build.0 = Release|Any CPU
		{7FFB5348-8947-4CA4-8163-E5C297F1D50D}.Release|x64.ActiveCfg = Release|Any CPU
		{7FFB5348-8947-4CA4-8163-E5C297F1D50D}.Release|x64.Build.0 = Release|Any CPU
		{7FFB5348-8947-4CA4-8163-E5C297F1D50D}.Release|x86.ActiveCfg = Release|Any CPU
		{7FFB5348-8947-4CA4-8163-E5C297F1D50D}.Release|x86.Build.0 = Release|Any CPU
		{2869BF21-B0E7-41E9-85E7-AEC9ACC61C86}.Debug|Any CPU.ActiveCfg = Debug|Any CPU
		{2869BF21-B0E7-41E9-85E7-AEC9ACC61C86}.Debug|Any CPU.Build.0 = Debug|Any CPU
		{2869BF21-B0E7-41E9-85E7-AEC9ACC61C86}.Debug|x64.ActiveCfg = Debug|Any CPU
		{2869BF21-B0E7-41E9-85E7-AEC9ACC61C86}.Debug|x64.Build.0 = Debug|Any CPU
		{2869BF21-B0E7-41E9-85E7-AEC9ACC61C86}.Debug|x86.ActiveCfg = Debug|Any CPU
		{2869BF21-B0E7-41E9-85E7-AEC9ACC61C86}.Debug|x86.Build.0 = Debug|Any CPU
		{2869BF21-B0E7-41E9-85E7-AEC9ACC61C86}.Release|Any CPU.ActiveCfg = Release|Any CPU
		{2869BF21-B0E7-41E9-85E7-AEC9ACC61C86}.Release|Any CPU.Build.0 = Release|Any CPU
		{2869BF21-B0E7-41E9-85E7-AEC9ACC61C86}.Release|x64.ActiveCfg = Release|Any CPU
		{2869BF21-B0E7-41E9-85E7-AEC9ACC61C86}.Release|x64.Build.0 = Release|Any CPU
		{2869BF21-B0E7-41E9-85E7-AEC9ACC61C86}.Release|x86.ActiveCfg = Release|Any CPU
		{2869BF21-B0E7-41E9-85E7-AEC9ACC61C86}.Release|x86.Build.0 = Release|Any CPU
		{C1EF2591-A238-4B21-BBF5-9CB2866496CF}.Debug|Any CPU.ActiveCfg = Debug|Any CPU
		{C1EF2591-A238-4B21-BBF5-9CB2866496CF}.Debug|Any CPU.Build.0 = Debug|Any CPU
		{C1EF2591-A238-4B21-BBF5-9CB2866496CF}.Debug|x64.ActiveCfg = Debug|Any CPU
		{C1EF2591-A238-4B21-BBF5-9CB2866496CF}.Debug|x64.Build.0 = Debug|Any CPU
		{C1EF2591-A238-4B21-BBF5-9CB2866496CF}.Debug|x86.ActiveCfg = Debug|Any CPU
		{C1EF2591-A238-4B21-BBF5-9CB2866496CF}.Debug|x86.Build.0 = Debug|Any CPU
		{C1EF2591-A238-4B21-BBF5-9CB2866496CF}.Release|Any CPU.ActiveCfg = Release|Any CPU
		{C1EF2591-A238-4B21-BBF5-9CB2866496CF}.Release|Any CPU.Build.0 = Release|Any CPU
		{C1EF2591-A238-4B21-BBF5-9CB2866496CF}.Release|x64.ActiveCfg = Release|Any CPU
		{C1EF2591-A238-4B21-BBF5-9CB2866496CF}.Release|x64.Build.0 = Release|Any CPU
		{C1EF2591-A238-4B21-BBF5-9CB2866496CF}.Release|x86.ActiveCfg = Release|Any CPU
		{C1EF2591-A238-4B21-BBF5-9CB2866496CF}.Release|x86.Build.0 = Release|Any CPU
		{10DAEB90-FAE5-4459-AAED-486D1B2B2716}.Debug|Any CPU.ActiveCfg = Debug|Any CPU
		{10DAEB90-FAE5-4459-AAED-486D1B2B2716}.Debug|Any CPU.Build.0 = Debug|Any CPU
		{10DAEB90-FAE5-4459-AAED-486D1B2B2716}.Debug|x64.ActiveCfg = Debug|Any CPU
		{10DAEB90-FAE5-4459-AAED-486D1B2B2716}.Debug|x64.Build.0 = Debug|Any CPU
		{10DAEB90-FAE5-4459-AAED-486D1B2B2716}.Debug|x86.ActiveCfg = Debug|Any CPU
		{10DAEB90-FAE5-4459-AAED-486D1B2B2716}.Debug|x86.Build.0 = Debug|Any CPU
		{10DAEB90-FAE5-4459-AAED-486D1B2B2716}.Release|Any CPU.ActiveCfg = Release|Any CPU
		{10DAEB90-FAE5-4459-AAED-486D1B2B2716}.Release|Any CPU.Build.0 = Release|Any CPU
		{10DAEB90-FAE5-4459-AAED-486D1B2B2716}.Release|x64.ActiveCfg = Release|Any CPU
		{10DAEB90-FAE5-4459-AAED-486D1B2B2716}.Release|x64.Build.0 = Release|Any CPU
		{10DAEB90-FAE5-4459-AAED-486D1B2B2716}.Release|x86.ActiveCfg = Release|Any CPU
		{10DAEB90-FAE5-4459-AAED-486D1B2B2716}.Release|x86.Build.0 = Release|Any CPU
		{CC0636AD-F58F-48BD-A0EA-B03B5C40CE0C}.Debug|Any CPU.ActiveCfg = Debug|Any CPU
		{CC0636AD-F58F-48BD-A0EA-B03B5C40CE0C}.Debug|Any CPU.Build.0 = Debug|Any CPU
		{CC0636AD-F58F-48BD-A0EA-B03B5C40CE0C}.Debug|x64.ActiveCfg = Debug|Any CPU
		{CC0636AD-F58F-48BD-A0EA-B03B5C40CE0C}.Debug|x64.Build.0 = Debug|Any CPU
		{CC0636AD-F58F-48BD-A0EA-B03B5C40CE0C}.Debug|x86.ActiveCfg = Debug|Any CPU
		{CC0636AD-F58F-48BD-A0EA-B03B5C40CE0C}.Debug|x86.Build.0 = Debug|Any CPU
		{CC0636AD-F58F-48BD-A0EA-B03B5C40CE0C}.Release|Any CPU.ActiveCfg = Release|Any CPU
		{CC0636AD-F58F-48BD-A0EA-B03B5C40CE0C}.Release|Any CPU.Build.0 = Release|Any CPU
		{CC0636AD-F58F-48BD-A0EA-B03B5C40CE0C}.Release|x64.ActiveCfg = Release|Any CPU
		{CC0636AD-F58F-48BD-A0EA-B03B5C40CE0C}.Release|x64.Build.0 = Release|Any CPU
		{CC0636AD-F58F-48BD-A0EA-B03B5C40CE0C}.Release|x86.ActiveCfg = Release|Any CPU
		{CC0636AD-F58F-48BD-A0EA-B03B5C40CE0C}.Release|x86.Build.0 = Release|Any CPU
		{081BE085-C706-41B3-9213-B449234C6056}.Debug|Any CPU.ActiveCfg = Debug|Any CPU
		{081BE085-C706-41B3-9213-B449234C6056}.Debug|Any CPU.Build.0 = Debug|Any CPU
		{081BE085-C706-41B3-9213-B449234C6056}.Debug|x64.ActiveCfg = Debug|Any CPU
		{081BE085-C706-41B3-9213-B449234C6056}.Debug|x64.Build.0 = Debug|Any CPU
		{081BE085-C706-41B3-9213-B449234C6056}.Debug|x86.ActiveCfg = Debug|Any CPU
		{081BE085-C706-41B3-9213-B449234C6056}.Debug|x86.Build.0 = Debug|Any CPU
		{081BE085-C706-41B3-9213-B449234C6056}.Release|Any CPU.ActiveCfg = Release|Any CPU
		{081BE085-C706-41B3-9213-B449234C6056}.Release|Any CPU.Build.0 = Release|Any CPU
		{081BE085-C706-41B3-9213-B449234C6056}.Release|x64.ActiveCfg = Release|Any CPU
		{081BE085-C706-41B3-9213-B449234C6056}.Release|x64.Build.0 = Release|Any CPU
		{081BE085-C706-41B3-9213-B449234C6056}.Release|x86.ActiveCfg = Release|Any CPU
		{081BE085-C706-41B3-9213-B449234C6056}.Release|x86.Build.0 = Release|Any CPU
		{80C0F0E4-E648-4E09-9AC4-BEC376A51B21}.Debug|Any CPU.ActiveCfg = Debug|Any CPU
		{80C0F0E4-E648-4E09-9AC4-BEC376A51B21}.Debug|Any CPU.Build.0 = Debug|Any CPU
		{80C0F0E4-E648-4E09-9AC4-BEC376A51B21}.Debug|x64.ActiveCfg = Debug|Any CPU
		{80C0F0E4-E648-4E09-9AC4-BEC376A51B21}.Debug|x64.Build.0 = Debug|Any CPU
		{80C0F0E4-E648-4E09-9AC4-BEC376A51B21}.Debug|x86.ActiveCfg = Debug|Any CPU
		{80C0F0E4-E648-4E09-9AC4-BEC376A51B21}.Debug|x86.Build.0 = Debug|Any CPU
		{80C0F0E4-E648-4E09-9AC4-BEC376A51B21}.Release|Any CPU.ActiveCfg = Release|Any CPU
		{80C0F0E4-E648-4E09-9AC4-BEC376A51B21}.Release|Any CPU.Build.0 = Release|Any CPU
		{80C0F0E4-E648-4E09-9AC4-BEC376A51B21}.Release|x64.ActiveCfg = Release|Any CPU
		{80C0F0E4-E648-4E09-9AC4-BEC376A51B21}.Release|x64.Build.0 = Release|Any CPU
		{80C0F0E4-E648-4E09-9AC4-BEC376A51B21}.Release|x86.ActiveCfg = Release|Any CPU
		{80C0F0E4-E648-4E09-9AC4-BEC376A51B21}.Release|x86.Build.0 = Release|Any CPU
		{88DBC008-121C-4ECB-BE3D-1C76CB746D56}.Debug|Any CPU.ActiveCfg = Debug|Any CPU
		{88DBC008-121C-4ECB-BE3D-1C76CB746D56}.Debug|Any CPU.Build.0 = Debug|Any CPU
		{88DBC008-121C-4ECB-BE3D-1C76CB746D56}.Debug|x64.ActiveCfg = Debug|Any CPU
		{88DBC008-121C-4ECB-BE3D-1C76CB746D56}.Debug|x64.Build.0 = Debug|Any CPU
		{88DBC008-121C-4ECB-BE3D-1C76CB746D56}.Debug|x86.ActiveCfg = Debug|Any CPU
		{88DBC008-121C-4ECB-BE3D-1C76CB746D56}.Debug|x86.Build.0 = Debug|Any CPU
		{88DBC008-121C-4ECB-BE3D-1C76CB746D56}.Release|Any CPU.ActiveCfg = Release|Any CPU
		{88DBC008-121C-4ECB-BE3D-1C76CB746D56}.Release|Any CPU.Build.0 = Release|Any CPU
		{88DBC008-121C-4ECB-BE3D-1C76CB746D56}.Release|x64.ActiveCfg = Release|Any CPU
		{88DBC008-121C-4ECB-BE3D-1C76CB746D56}.Release|x64.Build.0 = Release|Any CPU
		{88DBC008-121C-4ECB-BE3D-1C76CB746D56}.Release|x86.ActiveCfg = Release|Any CPU
		{88DBC008-121C-4ECB-BE3D-1C76CB746D56}.Release|x86.Build.0 = Release|Any CPU
		{0AD526D6-1AA8-4135-B966-7A848F7E6ADA}.Debug|Any CPU.ActiveCfg = Debug|Any CPU
		{0AD526D6-1AA8-4135-B966-7A848F7E6ADA}.Debug|Any CPU.Build.0 = Debug|Any CPU
		{0AD526D6-1AA8-4135-B966-7A848F7E6ADA}.Debug|x64.ActiveCfg = Debug|Any CPU
		{0AD526D6-1AA8-4135-B966-7A848F7E6ADA}.Debug|x64.Build.0 = Debug|Any CPU
		{0AD526D6-1AA8-4135-B966-7A848F7E6ADA}.Debug|x86.ActiveCfg = Debug|Any CPU
		{0AD526D6-1AA8-4135-B966-7A848F7E6ADA}.Debug|x86.Build.0 = Debug|Any CPU
		{0AD526D6-1AA8-4135-B966-7A848F7E6ADA}.Release|Any CPU.ActiveCfg = Release|Any CPU
		{0AD526D6-1AA8-4135-B966-7A848F7E6ADA}.Release|Any CPU.Build.0 = Release|Any CPU
		{0AD526D6-1AA8-4135-B966-7A848F7E6ADA}.Release|x64.ActiveCfg = Release|Any CPU
		{0AD526D6-1AA8-4135-B966-7A848F7E6ADA}.Release|x64.Build.0 = Release|Any CPU
		{0AD526D6-1AA8-4135-B966-7A848F7E6ADA}.Release|x86.ActiveCfg = Release|Any CPU
		{0AD526D6-1AA8-4135-B966-7A848F7E6ADA}.Release|x86.Build.0 = Release|Any CPU
		{DAEBF9D7-0234-4B05-A34F-88BAB41E0976}.Debug|Any CPU.ActiveCfg = Debug|Any CPU
		{DAEBF9D7-0234-4B05-A34F-88BAB41E0976}.Debug|Any CPU.Build.0 = Debug|Any CPU
		{DAEBF9D7-0234-4B05-A34F-88BAB41E0976}.Debug|x64.ActiveCfg = Debug|Any CPU
		{DAEBF9D7-0234-4B05-A34F-88BAB41E0976}.Debug|x64.Build.0 = Debug|Any CPU
		{DAEBF9D7-0234-4B05-A34F-88BAB41E0976}.Debug|x86.ActiveCfg = Debug|Any CPU
		{DAEBF9D7-0234-4B05-A34F-88BAB41E0976}.Debug|x86.Build.0 = Debug|Any CPU
		{DAEBF9D7-0234-4B05-A34F-88BAB41E0976}.Release|Any CPU.ActiveCfg = Release|Any CPU
		{DAEBF9D7-0234-4B05-A34F-88BAB41E0976}.Release|Any CPU.Build.0 = Release|Any CPU
		{DAEBF9D7-0234-4B05-A34F-88BAB41E0976}.Release|x64.ActiveCfg = Release|Any CPU
		{DAEBF9D7-0234-4B05-A34F-88BAB41E0976}.Release|x64.Build.0 = Release|Any CPU
		{DAEBF9D7-0234-4B05-A34F-88BAB41E0976}.Release|x86.ActiveCfg = Release|Any CPU
		{DAEBF9D7-0234-4B05-A34F-88BAB41E0976}.Release|x86.Build.0 = Release|Any CPU
	EndGlobalSection
	GlobalSection(SolutionProperties) = preSolution
		HideSolutionNode = FALSE
	EndGlobalSection
	GlobalSection(ExtensibilityGlobals) = postSolution
		SolutionGuid = {58AE1DB9-B81E-430C-861A-FEC7F501D84F}
	EndGlobalSection
EndGlobal
